
Microsoft Visual Studio Solution File, Format Version 12.00
# Visual Studio Version 17
VisualStudioVersion = 17.14.36109.1 d17.14
MinimumVisualStudioVersion = 10.0.40219.1
Project("{FAE04EC0-301F-11D3-BF4B-00C04F79EFBC}") = "Clgproj.Test", "Clgproj.Test.csproj", "{A05455C9-F5E8-45D9-8338-E317BEE2BEC9}"
EndProject
Global
	GlobalSection(SolutionConfigurationPlatforms) = preSolution
		Debug|Any CPU = Debug|Any CPU
		Release|Any CPU = Release|Any CPU
	EndGlobalSection
	GlobalSection(ProjectConfigurationPlatforms) = postSolution
		{A05455C9-F5E8-45D9-8338-E317BEE2BEC9}.Debug|Any CPU.ActiveCfg = Debug|Any CPU
		{A05455C9-F5E8-45D9-8338-E317BEE2BEC9}.Debug|Any CPU.Build.0 = Debug|Any CPU
		{A05455C9-F5E8-45D9-8338-E317BEE2BEC9}.Release|Any CPU.ActiveCfg = Release|Any CPU
		{A05455C9-F5E8-45D9-8338-E317BEE2BEC9}.Release|Any CPU.Build.0 = Release|Any CPU
	EndGlobalSection
	GlobalSection(SolutionProperties) = preSolution
		HideSolutionNode = FALSE
	EndGlobalSection
	GlobalSection(ExtensibilityGlobals) = postSolution
		SolutionGuid = {23CA05BD-EFC3-43A9-955A-C7B9FA7A2775}
	EndGlobalSection
EndGlobal
