
Microsoft Visual Studio Solution File, Format Version 12.00
# Visual Studio Version 17
VisualStudioVersion = 17.14.36109.1 d17.14
MinimumVisualStudioVersion = 10.0.40219.1
Project("{FAE04EC0-301F-11D3-BF4B-00C04F79EFBC}") = "clgproj.UI", "clgproj.UI.csproj", "{BACB4127-5DC3-E807-FD8C-58804AB54432}"
EndProject
Global
	GlobalSection(SolutionConfigurationPlatforms) = preSolution
		Debug|Any CPU = Debug|Any CPU
		Release|Any CPU = Release|Any CPU
	EndGlobalSection
	GlobalSection(ProjectConfigurationPlatforms) = postSolution
		{BACB4127-5DC3-E807-FD8C-58804AB54432}.Debug|Any CPU.ActiveCfg = Debug|Any CPU
		{BACB4127-5DC3-E807-FD8C-58804AB54432}.Debug|Any CPU.Build.0 = Debug|Any CPU
		{BACB4127-5DC3-E807-FD8C-58804AB54432}.Release|Any CPU.ActiveCfg = Release|Any CPU
		{BACB4127-5DC3-E807-FD8C-58804AB54432}.Release|Any CPU.Build.0 = Release|Any CPU
	EndGlobalSection
	GlobalSection(SolutionProperties) = preSolution
		HideSolutionNode = FALSE
	EndGlobalSection
	GlobalSection(ExtensibilityGlobals) = postSolution
		SolutionGuid = {08203653-0E61-4692-A31A-156AB4B47B74}
	EndGlobalSection
EndGlobal
